// !$*UTF8*$!
{
	archiveVersion = 1;
	classes = {
	};
	objectVersion = 77;
	objects = {

/* Begin PBXContainerItemProxy section */
		1DC02A092E313DA5001ACCAD /* PBXContainerItemProxy */ = {
			isa = PBXContainerItemProxy;
			containerPortal = 1DC029E72E313DA4001ACCAD /* Project object */;
			proxyType = 1;
			remoteGlobalIDString = 1DC029EE2E313DA4001ACCAD;
			remoteInfo = RentToolApp;
		};
		1DC02A132E313DA5001ACCAD /* PBXContainerItemProxy */ = {
			isa = PBXContainerItemProxy;
			containerPortal = 1DC029E72E313DA4001ACCAD /* Project object */;
			proxyType = 1;
			remoteGlobalIDString = 1DC029EE2E313DA4001ACCAD;
			remoteInfo = RentToolApp;
		};
/* End PBXContainerItemProxy section */

/* Begin PBXFileReference section */
		1DC029EF2E313DA4001ACCAD /* RentToolApp.app */ = {isa = PBXFileReference; explicitFileType = wrapper.application; includeInIndex = 0; path = RentToolApp.app; sourceTree = BUILT_PRODUCTS_DIR; };
		1DC02A082E313DA5001ACCAD /* RentToolAppTests.xctest */ = {isa = PBXFileReference; explicitFileType = wrapper.cfbundle; includeInIndex = 0; path = RentToolAppTests.xctest; sourceTree = BUILT_PRODUCTS_DIR; };
		1DC02A122E313DA5001ACCAD /* RentToolAppUITests.xctest */ = {isa = PBXFileReference; explicitFileType = wrapper.cfbundle; includeInIndex = 0; path = RentToolAppUITests.xctest; sourceTree = BUILT_PRODUCTS_DIR; };
/* End PBXFileReference section */

/* Begin PBXFileSystemSynchronizedBuildFileExceptionSet section */
		1DC02A1A2E313DA5001ACCAD /* Exceptions for "RentToolApp" folder in "RentToolApp" target */ = {
			isa = PBXFileSystemSynchronizedBuildFileExceptionSet;
			membershipExceptions = (
				Info.plist,
				Tests/RentToolAppTests/RentToolAppTests.swift,
				Tests/RentToolAppUITests/RentToolAppUITests.swift,
				Tests/RentToolAppUITests/RentToolAppUITestsLaunchTests.swift,
			);
			target = 1DC029EE2E313DA4001ACCAD /* RentToolApp */;
		};
		1DC02A302E313DC5001ACCAD /* Exceptions for "RentToolApp" folder in "RentToolAppTests" target */ = {
			isa = PBXFileSystemSynchronizedBuildFileExceptionSet;
			membershipExceptions = (
				Tests/RentToolAppTests/RentToolAppTests.swift,
			);
			target = 1DC02A072E313DA5001ACCAD /* RentToolAppTests */;
		};
		1DC02A312E313DC5001ACCAD /* Exceptions for "RentToolApp" folder in "RentToolAppUITests" target */ = {
			isa = PBXFileSystemSynchronizedBuildFileExceptionSet;
			membershipExceptions = (
				Tests/RentToolAppUITests/RentToolAppUITests.swift,
				Tests/RentToolAppUITests/RentToolAppUITestsLaunchTests.swift,
			);
			target = 1DC02A112E313DA5001ACCAD /* RentToolAppUITests */;
		};
/* End PBXFileSystemSynchronizedBuildFileExceptionSet section */

/* Begin PBXFileSystemSynchronizedRootGroup section */
		1DC029F12E313DA4001ACCAD /* RentToolApp */ = {
			isa = PBXFileSystemSynchronizedRootGroup;
			exceptions = (
				1DC02A1A2E313DA5001ACCAD /* Exceptions for "RentToolApp" folder in "RentToolApp" target */,
				1DC02A302E313DC5001ACCAD /* Exceptions for "RentToolApp" folder in "RentToolAppTests" target */,
				1DC02A312E313DC5001ACCAD /* Exceptions for "RentToolApp" folder in "RentToolAppUITests" target */,
			);
			path = RentToolApp;
			sourceTree = "<group>";
		};
/* End PBXFileSystemSynchronizedRootGroup section */

/* Begin PBXFrameworksBuildPhase section */
		1DC029EC2E313DA4001ACCAD /* Frameworks */ = {
			isa = PBXFrameworksBuildPhase;
			buildActionMask = 2147483647;
			files = (
			);
			runOnlyForDeploymentPostprocessing = 0;
		};
		1DC02A052E313DA5001ACCAD /* Frameworks */ = {
			isa = PBXFrameworksBuildPhase;
			buildActionMask = 2147483647;
			files = (
			);
			runOnlyForDeploymentPostprocessing = 0;
		};
		1DC02A0F2E313DA5001ACCAD /* Frameworks */ = {
			isa = PBXFrameworksBuildPhase;
			buildActionMask = 2147483647;
			files = (
			);
			runOnlyForDeploymentPostprocessing = 0;
		};
/* End PBXFrameworksBuildPhase section */

/* Begin PBXGroup section */
		1DC029E62E313DA4001ACCAD = {
			isa = PBXGroup;
			children = (
				1DC029F12E313DA4001ACCAD /* RentToolApp */,
				1DC029F02E313DA4001ACCAD /* Products */,
			);
			sourceTree = "<group>";
		};
		1DC029F02E313DA4001ACCAD /* Products */ = {
			isa = PBXGroup;
			children = (
				1DC029EF2E313DA4001ACCAD /* RentToolApp.app */,
				1DC02A082E313DA5001ACCAD /* RentToolAppTests.xctest */,
				1DC02A122E313DA5001ACCAD /* RentToolAppUITests.xctest */,
			);
			name = Products;
			sourceTree = "<group>";
		};
/* End PBXGroup section */

/* Begin PBXNativeTarget section */
		1DC029EE2E313DA4001ACCAD /* RentToolApp */ = {
			isa = PBXNativeTarget;
			buildConfigurationList = 1DC02A1B2E313DA5001ACCAD /* Build configuration list for PBXNativeTarget "RentToolApp" */;
			buildPhases = (
				1DC029EB2E313DA4001ACCAD /* Sources */,
				1DC029EC2E313DA4001ACCAD /* Frameworks */,
				1DC029ED2E313DA4001ACCAD /* Resources */,
			);
			buildRules = (
			);
			dependencies = (
			);
			fileSystemSynchronizedGroups = (
				1DC029F12E313DA4001ACCAD /* RentToolApp */,
			);
			name = RentToolApp;
			packageProductDependencies = (
			);
			productName = RentToolApp;
			productReference = 1DC029EF2E313DA4001ACCAD /* RentToolApp.app */;
			productType = "com.apple.product-type.application";
		};
		1DC02A072E313DA5001ACCAD /* RentToolAppTests */ = {
			isa = PBXNativeTarget;
			buildConfigurationList = 1DC02A202E313DA5001ACCAD /* Build configuration list for PBXNativeTarget "RentToolAppTests" */;
			buildPhases = (
				1DC02A042E313DA5001ACCAD /* Sources */,
				1DC02A052E313DA5001ACCAD /* Frameworks */,
				1DC02A062E313DA5001ACCAD /* Resources */,
			);
			buildRules = (
			);
			dependencies = (
				1DC02A0A2E313DA5001ACCAD /* PBXTargetDependency */,
			);
			name = RentToolAppTests;
			packageProductDependencies = (
			);
			productName = RentToolAppTests;
			productReference = 1DC02A082E313DA5001ACCAD /* RentToolAppTests.xctest */;
			productType = "com.apple.product-type.bundle.unit-test";
		};
		1DC02A112E313DA5001ACCAD /* RentToolAppUITests */ = {
			isa = PBXNativeTarget;
			buildConfigurationList = 1DC02A232E313DA5001ACCAD /* Build configuration list for PBXNativeTarget "RentToolAppUITests" */;
			buildPhases = (
				1DC02A0E2E313DA5001ACCAD /* Sources */,
				1DC02A0F2E313DA5001ACCAD /* Frameworks */,
				1DC02A102E313DA5001ACCAD /* Resources */,
			);
			buildRules = (
			);
			dependencies = (
				1DC02A142E313DA5001ACCAD /* PBXTargetDependency */,
			);
			name = RentToolAppUITests;
			packageProductDependencies = (
			);
			productName = RentToolAppUITests;
			productReference = 1DC02A122E313DA5001ACCAD /* RentToolAppUITests.xctest */;
			productType = "com.apple.product-type.bundle.ui-testing";
		};
/* End PBXNativeTarget section */

/* Begin PBXProject section */
		1DC029E72E313DA4001ACCAD /* Project object */ = {
			isa = PBXProject;
			attributes = {
				BuildIndependentTargetsInParallel = 1;
				LastSwiftUpdateCheck = 1640;
				LastUpgradeCheck = 1640;
				TargetAttributes = {
					1DC029EE2E313DA4001ACCAD = {
						CreatedOnToolsVersion = 16.4;
					};
					1DC02A072E313DA5001ACCAD = {
						CreatedOnToolsVersion = 16.4;
						TestTargetID = 1DC029EE2E313DA4001ACCAD;
					};
					1DC02A112E313DA5001ACCAD = {
						CreatedOnToolsVersion = 16.4;
						TestTargetID = 1DC029EE2E313DA4001ACCAD;
					};
				};
			};
			buildConfigurationList = 1DC029EA2E313DA4001ACCAD /* Build configuration list for PBXProject "RentToolApp" */;
			developmentRegion = en;
			hasScannedForEncodings = 0;
			knownRegions = (
				en,
				Base,
			);
			mainGroup = 1DC029E62E313DA4001ACCAD;
			minimizedProjectReferenceProxies = 1;
			preferredProjectObjectVersion = 77;
			productRefGroup = 1DC029F02E313DA4001ACCAD /* Products */;
			projectDirPath = "";
			projectRoot = "";
			targets = (
				1DC029EE2E313DA4001ACCAD /* RentToolApp */,
				1DC02A072E313DA5001ACCAD /* RentToolAppTests */,
				1DC02A112E313DA5001ACCAD /* RentToolAppUITests */,
			);
		};
/* End PBXProject section */

/* Begin PBXResourcesBuildPhase section */
		1DC029ED2E313DA4001ACCAD /* Resources */ = {
			isa = PBXResourcesBuildPhase;
			buildActionMask = 2147483647;
			files = (
			);
			runOnlyForDeploymentPostprocessing = 0;
		};
		1DC02A062E313DA5001ACCAD /* Resources */ = {
			isa = PBXResourcesBuildPhase;
			buildActionMask = 2147483647;
			files = (
			);
			runOnlyForDeploymentPostprocessing = 0;
		};
		1DC02A102E313DA5001ACCAD /* Resources */ = {
			isa = PBXResourcesBuildPhase;
			buildActionMask = 2147483647;
			files = (
			);
			runOnlyForDeploymentPostprocessing = 0;
		};
/* End PBXResourcesBuildPhase section */

/* Begin PBXSourcesBuildPhase section */
		1DC029EB2E313DA4001ACCAD /* Sources */ = {
			isa = PBXSourcesBuildPhase;
			buildActionMask = 2147483647;
			files = (
			);
			runOnlyForDeploymentPostprocessing = 0;
		};
		1DC02A042E313DA5001ACCAD /* Sources */ = {
			isa = PBXSourcesBuildPhase;
			buildActionMask = 2147483647;
			files = (
			);
			runOnlyForDeploymentPostprocessing = 0;
		};
		1DC02A0E2E313DA5001ACCAD /* Sources */ = {
			isa = PBXSourcesBuildPhase;
			buildActionMask = 2147483647;
			files = (
			);
			runOnlyForDeploymentPostprocessing = 0;
		};
/* End PBXSourcesBuildPhase section */

/* Begin PBXTargetDependency section */
		1DC02A0A2E313DA5001ACCAD /* PBXTargetDependency */ = {
			isa = PBXTargetDependency;
			target = 1DC029EE2E313DA4001ACCAD /* RentToolApp */;
			targetProxy = 1DC02A092E313DA5001ACCAD /* PBXContainerItemProxy */;
		};
		1DC02A142E313DA5001ACCAD /* PBXTargetDependency */ = {
			isa = PBXTargetDependency;
			target = 1DC029EE2E313DA4001ACCAD /* RentToolApp */;
			targetProxy = 1DC02A132E313DA5001ACCAD /* PBXContainerItemProxy */;
		};
/* End PBXTargetDependency section */

/* Begin XCBuildConfiguration section */
		1DC02A1C2E313DA5001ACCAD /* Debug */ = {
			isa = XCBuildConfiguration;
			buildSettings = {
				ASSETCATALOG_COMPILER_APPICON_NAME = AppIcon;
				ASSETCATALOG_COMPILER_GLOBAL_ACCENT_COLOR_NAME = AccentColor;
				CODE_SIGN_STYLE = Automatic;
				CURRENT_PROJECT_VERSION = 1;
				DEVELOPMENT_TEAM = KN83668A2C;
				GENERATE_INFOPLIST_FILE = YES;
				INFOPLIST_FILE = RentToolApp/Info.plist;
				INFOPLIST_KEY_CFBundleDisplayName = "Rent Tool";
				INFOPLIST_KEY_UIApplicationSupportsIndirectInputEvents = YES;
				INFOPLIST_KEY_UILaunchStoryboardName = LaunchScreen;
				INFOPLIST_KEY_UISupportedInterfaceOrientations = UIInterfaceOrientationPortrait;
				INFOPLIST_KEY_UISupportedInterfaceOrientations_iPad = "UIInterfaceOrientationLandscapeLeft UIInterfaceOrientationLandscapeRight UIInterfaceOrientationPortrait UIInterfaceOrientationPortraitUpsideDown";
				LD_RUNPATH_SEARCH_PATHS = (
					"$(inherited)",
					"@executable_path/Frameworks",
				);
				MARKETING_VERSION = 1.0;
				PRODUCT_BUNDLE_IDENTIFIER = com.huseyinjafarli.RentToolApp;
				PRODUCT_NAME = "$(TARGET_NAME)";
				SUPPORTED_PLATFORMS = "iphoneos iphonesimulator";
				SUPPORTS_MACCATALYST = NO;
				SUPPORTS_MAC_DESIGNED_FOR_IPHONE_IPAD = NO;
				SUPPORTS_XR_DESIGNED_FOR_IPHONE_IPAD = NO;
				SWIFT_EMIT_LOC_STRINGS = YES;
				SWIFT_VERSION = 5.0;
				TARGETED_DEVICE_FAMILY = 1;
			};
			name = Debug;
		};
		1DC02A1D2E313DA5001ACCAD /* Release */ = {
			isa = XCBuildConfiguration;
			buildSettings = {
				ASSETCATALOG_COMPILER_APPICON_NAME = AppIcon;
				ASSETCATALOG_COMPILER_GLOBAL_ACCENT_COLOR_NAME = AccentColor;
				CODE_SIGN_STYLE = Automatic;
				CURRENT_PROJECT_VERSION = 1;
				DEVELOPMENT_TEAM = KN83668A2C;
				GENERATE_INFOPLIST_FILE = YES;
				INFOPLIST_FILE = RentToolApp/Info.plist;
				INFOPLIST_KEY_CFBundleDisplayName = "Rent Tool";
				INFOPLIST_KEY_UIApplicationSupportsIndirectInputEvents = YES;
				INFOPLIST_KEY_UILaunchStoryboardName = LaunchScreen;
				INFOPLIST_KEY_UISupportedInterfaceOrientations = UIInterfaceOrientationPortrait;
				INFOPLIST_KEY_UISupportedInterfaceOrientations_iPad = "UIInterfaceOrientationLandscapeLeft UIInterfaceOrientationLandscapeRight UIInterfaceOrientationPortrait UIInterfaceOrientationPortraitUpsideDown";
				LD_RUNPATH_SEARCH_PATHS = (
					"$(inherited)",
					"@executable_path/Frameworks",
				);
				MARKETING_VERSION = 1.0;
				PRODUCT_BUNDLE_IDENTIFIER = com.huseyinjafarli.RentToolApp;
				PRODUCT_NAME = "$(TARGET_NAME)";
				SUPPORTED_PLATFORMS = "iphoneos iphonesimulator";
				SUPPORTS_MACCATALYST = NO;
				SUPPORTS_MAC_DESIGNED_FOR_IPHONE_IPAD = NO;
				SUPPORTS_XR_DESIGNED_FOR_IPHONE_IPAD = NO;
				SWIFT_EMIT_LOC_STRINGS = YES;
				SWIFT_VERSION = 5.0;
				TARGETED_DEVICE_FAMILY = 1;
			};
			name = Release;
		};
		1DC02A1E2E313DA5001ACCAD /* Debug */ = {
			isa = XCBuildConfiguration;
			buildSettings = {
				ALWAYS_SEARCH_USER_PATHS = NO;
				ASSETCATALOG_COMPILER_GENERATE_SWIFT_ASSET_SYMBOL_EXTENSIONS = YES;
				CLANG_ANALYZER_NONNULL = YES;
				CLANG_ANALYZER_NUMBER_OBJECT_CONVERSION = YES_AGGRESSIVE;
				CLANG_CXX_LANGUAGE_STANDARD = "gnu++20";
				CLANG_ENABLE_MODULES = YES;
				CLANG_ENABLE_OBJC_ARC = YES;
				CLANG_ENABLE_OBJC_WEAK = YES;
				CLANG_WARN_BLOCK_CAPTURE_AUTORELEASING = YES;
				CLANG_WARN_BOOL_CONVERSION = YES;
				CLANG_WARN_COMMA = YES;
				CLANG_WARN_CONSTANT_CONVERSION = YES;
				CLANG_WARN_DEPRECATED_OBJC_IMPLEMENTATIONS = YES;
				CLANG_WARN_DIRECT_OBJC_ISA_USAGE = YES_ERROR;
				CLANG_WARN_DOCUMENTATION_COMMENTS = YES;
				CLANG_WARN_EMPTY_BODY = YES;
				CLANG_WARN_ENUM_CONVERSION = YES;
				CLANG_WARN_INFINITE_RECURSION = YES;
				CLANG_WARN_INT_CONVERSION = YES;
				CLANG_WARN_NON_LITERAL_NULL_CONVERSION = YES;
				CLANG_WARN_OBJC_IMPLICIT_RETAIN_SELF = YES;
				CLANG_WARN_OBJC_LITERAL_CONVERSION = YES;
				CLANG_WARN_OBJC_ROOT_CLASS = YES_ERROR;
				CLANG_WARN_QUOTED_INCLUDE_IN_FRAMEWORK_HEADER = YES;
				CLANG_WARN_RANGE_LOOP_ANALYSIS = YES;
				CLANG_WARN_STRICT_PROTOTYPES = YES;
				CLANG_WARN_SUSPICIOUS_MOVE = YES;
				CLANG_WARN_UNGUARDED_AVAILABILITY = YES_AGGRESSIVE;
				CLANG_WARN_UNREACHABLE_CODE = YES;
				CLANG_WARN__DUPLICATE_METHOD_MATCH = YES;
				COPY_PHASE_STRIP = NO;
				DEBUG_INFORMATION_FORMAT = dwarf;
				DEVELOPMENT_TEAM = KN83668A2C;
				ENABLE_STRICT_OBJC_MSGSEND = YES;
				ENABLE_TESTABILITY = YES;
				ENABLE_USER_SCRIPT_SANDBOXING = YES;
				GCC_C_LANGUAGE_STANDARD = gnu17;
				GCC_DYNAMIC_NO_PIC = NO;
				GCC_NO_COMMON_BLOCKS = YES;
				GCC_OPTIMIZATION_LEVEL = 0;
				GCC_PREPROCESSOR_DEFINITIONS = (
					"DEBUG=1",
					"$(inherited)",
				);
				GCC_WARN_64_TO_32_BIT_CONVERSION = YES;
				GCC_WARN_ABOUT_RETURN_TYPE = YES_ERROR;
				GCC_WARN_UNDECLARED_SELECTOR = YES;
				GCC_WARN_UNINITIALIZED_AUTOS = YES_AGGRESSIVE;
				GCC_WARN_UNUSED_FUNCTION = YES;
				GCC_WARN_UNUSED_VARIABLE = YES;
				IPHONEOS_DEPLOYMENT_TARGET = 18.5;
				LOCALIZATION_PREFERS_STRING_CATALOGS = YES;
				MTL_ENABLE_DEBUG_INFO = INCLUDE_SOURCE;
				MTL_FAST_MATH = YES;
				ONLY_ACTIVE_ARCH = YES;
				SDKROOT = iphoneos;
				SWIFT_ACTIVE_COMPILATION_CONDITIONS = "DEBUG $(inherited)";
				SWIFT_OPTIMIZATION_LEVEL = "-Onone";
			};
			name = Debug;
		};
		1DC02A1F2E313DA5001ACCAD /* Release */ = {
			isa = XCBuildConfiguration;
			buildSettings = {
				ALWAYS_SEARCH_USER_PATHS = NO;
				ASSETCATALOG_COMPILER_GENERATE_SWIFT_ASSET_SYMBOL_EXTENSIONS = YES;
				CLANG_ANALYZER_NONNULL = YES;
				CLANG_ANALYZER_NUMBER_OBJECT_CONVERSION = YES_AGGRESSIVE;
				CLANG_CXX_LANGUAGE_STANDARD = "gnu++20";
				CLANG_ENABLE_MODULES = YES;
				CLANG_ENABLE_OBJC_ARC = YES;
				CLANG_ENABLE_OBJC_WEAK = YES;
				CLANG_WARN_BLOCK_CAPTURE_AUTORELEASING = YES;
				CLANG_WARN_BOOL_CONVERSION = YES;
				CLANG_WARN_COMMA = YES;
				CLANG_WARN_CONSTANT_CONVERSION = YES;
				CLANG_WARN_DEPRECATED_OBJC_IMPLEMENTATIONS = YES;
				CLANG_WARN_DIRECT_OBJC_ISA_USAGE = YES_ERROR;
				CLANG_WARN_DOCUMENTATION_COMMENTS = YES;
				CLANG_WARN_EMPTY_BODY = YES;
				CLANG_WARN_ENUM_CONVERSION = YES;
				CLANG_WARN_INFINITE_RECURSION = YES;
				CLANG_WARN_INT_CONVERSION = YES;
				CLANG_WARN_NON_LITERAL_NULL_CONVERSION = YES;
				CLANG_WARN_OBJC_IMPLICIT_RETAIN_SELF = YES;
				CLANG_WARN_OBJC_LITERAL_CONVERSION = YES;
				CLANG_WARN_OBJC_ROOT_CLASS = YES_ERROR;
				CLANG_WARN_QUOTED_INCLUDE_IN_FRAMEWORK_HEADER = YES;
				CLANG_WARN_RANGE_LOOP_ANALYSIS = YES;
				CLANG_WARN_STRICT_PROTOTYPES = YES;
				CLANG_WARN_SUSPICIOUS_MOVE = YES;
				CLANG_WARN_UNGUARDED_AVAILABILITY = YES_AGGRESSIVE;
				CLANG_WARN_UNREACHABLE_CODE = YES;
				CLANG_WARN__DUPLICATE_METHOD_MATCH = YES;
				COPY_PHASE_STRIP = NO;
				DEBUG_INFORMATION_FORMAT = "dwarf-with-dsym";
				DEVELOPMENT_TEAM = KN83668A2C;
				ENABLE_NS_ASSERTIONS = NO;
				ENABLE_STRICT_OBJC_MSGSEND = YES;
				ENABLE_USER_SCRIPT_SANDBOXING = YES;
				GCC_C_LANGUAGE_STANDARD = gnu17;
				GCC_NO_COMMON_BLOCKS = YES;
				GCC_WARN_64_TO_32_BIT_CONVERSION = YES;
				GCC_WARN_ABOUT_RETURN_TYPE = YES_ERROR;
				GCC_WARN_UNDECLARED_SELECTOR = YES;
				GCC_WARN_UNINITIALIZED_AUTOS = YES_AGGRESSIVE;
				GCC_WARN_UNUSED_FUNCTION = YES;
				GCC_WARN_UNUSED_VARIABLE = YES;
				IPHONEOS_DEPLOYMENT_TARGET = 18.5;
				LOCALIZATION_PREFERS_STRING_CATALOGS = YES;
				MTL_ENABLE_DEBUG_INFO = NO;
				MTL_FAST_MATH = YES;
				SDKROOT = iphoneos;
				SWIFT_COMPILATION_MODE = wholemodule;
				VALIDATE_PRODUCT = YES;
			};
			name = Release;
		};
		1DC02A212E313DA5001ACCAD /* Debug */ = {
			isa = XCBuildConfiguration;
			buildSettings = {
				BUNDLE_LOADER = "$(TEST_HOST)";
				CODE_SIGN_STYLE = Automatic;
				CURRENT_PROJECT_VERSION = 1;
				DEVELOPMENT_TEAM = KN83668A2C;
				GENERATE_INFOPLIST_FILE = YES;
				IPHONEOS_DEPLOYMENT_TARGET = 18.5;
				MARKETING_VERSION = 1.0;
				PRODUCT_BUNDLE_IDENTIFIER = com.huseyinjafarli.RentToolAppTests;
				PRODUCT_NAME = "$(TARGET_NAME)";
				SWIFT_EMIT_LOC_STRINGS = NO;
				SWIFT_VERSION = 5.0;
				TARGETED_DEVICE_FAMILY = "1,2";
				TEST_HOST = "$(BUILT_PRODUCTS_DIR)/RentToolApp.app/$(BUNDLE_EXECUTABLE_FOLDER_PATH)/RentToolApp";
			};
			name = Debug;
		};
		1DC02A222E313DA5001ACCAD /* Release */ = {
			isa = XCBuildConfiguration;
			buildSettings = {
				BUNDLE_LOADER = "$(TEST_HOST)";
				CODE_SIGN_STYLE = Automatic;
				CURRENT_PROJECT_VERSION = 1;
				DEVELOPMENT_TEAM = KN83668A2C;
				GENERATE_INFOPLIST_FILE = YES;
				IPHONEOS_DEPLOYMENT_TARGET = 18.5;
				MARKETING_VERSION = 1.0;
				PRODUCT_BUNDLE_IDENTIFIER = com.huseyinjafarli.RentToolAppTests;
				PRODUCT_NAME = "$(TARGET_NAME)";
				SWIFT_EMIT_LOC_STRINGS = NO;
				SWIFT_VERSION = 5.0;
				TARGETED_DEVICE_FAMILY = "1,2";
				TEST_HOST = "$(BUILT_PRODUCTS_DIR)/RentToolApp.app/$(BUNDLE_EXECUTABLE_FOLDER_PATH)/RentToolApp";
			};
			name = Release;
		};
		1DC02A242E313DA5001ACCAD /* Debug */ = {
			isa = XCBuildConfiguration;
			buildSettings = {
				CODE_SIGN_STYLE = Automatic;
				CURRENT_PROJECT_VERSION = 1;
				DEVELOPMENT_TEAM = KN83668A2C;
				GENERATE_INFOPLIST_FILE = YES;
				MARKETING_VERSION = 1.0;
				PRODUCT_BUNDLE_IDENTIFIER = com.huseyinjafarli.RentToolAppUITests;
				PRODUCT_NAME = "$(TARGET_NAME)";
				SWIFT_EMIT_LOC_STRINGS = NO;
				SWIFT_VERSION = 5.0;
				TARGETED_DEVICE_FAMILY = "1,2";
				TEST_TARGET_NAME = RentToolApp;
			};
			name = Debug;
		};
		1DC02A252E313DA5001ACCAD /* Release */ = {
			isa = XCBuildConfiguration;
			buildSettings = {
				CODE_SIGN_STYLE = Automatic;
				CURRENT_PROJECT_VERSION = 1;
				DEVELOPMENT_TEAM = KN83668A2C;
				GENERATE_INFOPLIST_FILE = YES;
				MARKETING_VERSION = 1.0;
				PRODUCT_BUNDLE_IDENTIFIER = com.huseyinjafarli.RentToolAppUITests;
				PRODUCT_NAME = "$(TARGET_NAME)";
				SWIFT_EMIT_LOC_STRINGS = NO;
				SWIFT_VERSION = 5.0;
				TARGETED_DEVICE_FAMILY = "1,2";
				TEST_TARGET_NAME = RentToolApp;
			};
			name = Release;
		};
/* End XCBuildConfiguration section */

/* Begin XCConfigurationList section */
		1DC029EA2E313DA4001ACCAD /* Build configuration list for PBXProject "RentToolApp" */ = {
			isa = XCConfigurationList;
			buildConfigurations = (
				1DC02A1E2E313DA5001ACCAD /* Debug */,
				1DC02A1F2E313DA5001ACCAD /* Release */,
			);
			defaultConfigurationIsVisible = 0;
			defaultConfigurationName = Release;
		};
		1DC02A1B2E313DA5001ACCAD /* Build configuration list for PBXNativeTarget "RentToolApp" */ = {
			isa = XCConfigurationList;
			buildConfigurations = (
				1DC02A1C2E313DA5001ACCAD /* Debug */,
				1DC02A1D2E313DA5001ACCAD /* Release */,
			);
			defaultConfigurationIsVisible = 0;
			defaultConfigurationName = Release;
		};
		1DC02A202E313DA5001ACCAD /* Build configuration list for PBXNativeTarget "RentToolAppTests" */ = {
			isa = XCConfigurationList;
			buildConfigurations = (
				1DC02A212E313DA5001ACCAD /* Debug */,
				1DC02A222E313DA5001ACCAD /* Release */,
			);
			defaultConfigurationIsVisible = 0;
			defaultConfigurationName = Release;
		};
		1DC02A232E313DA5001ACCAD /* Build configuration list for PBXNativeTarget "RentToolAppUITests" */ = {
			isa = XCConfigurationList;
			buildConfigurations = (
				1DC02A242E313DA5001ACCAD /* Debug */,
				1DC02A252E313DA5001ACCAD /* Release */,
			);
			defaultConfigurationIsVisible = 0;
			defaultConfigurationName = Release;
		};
/* End XCConfigurationList section */
	};
	rootObject = 1DC029E72E313DA4001ACCAD /* Project object */;
}
